
Microsoft Visual Studio Solution File, Format Version 12.00
# Visual Studio Version 17
VisualStudioVersion = 17.14.36811.4 d17.14
MinimumVisualStudioVersion = 10.0.40219.1
Project("{FAE04EC0-301F-11D3-BF4B-00C04F79EFBC}") = "CICDDemoApi", "CICDDemoApi\CICDDemoApi.csproj", "{D61CFCAD-8BB3-4926-81A2-2E43C9EA6103}"
EndProject
Global
	GlobalSection(SolutionConfigurationPlatforms) = preSolution
		Debug|Any CPU = Debug|Any CPU
		Release|Any CPU = Release|Any CPU
	EndGlobalSection
	GlobalSection(ProjectConfigurationPlatforms) = postSolution
		{D61CFCAD-8BB3-4926-81A2-2E43C9EA6103}.Debug|Any CPU.ActiveCfg = Debug|Any CPU
		{D61CFCAD-8BB3-4926-81A2-2E43C9EA6103}.Debug|Any CPU.Build.0 = Debug|Any CPU
		{D61CFCAD-8BB3-4926-81A2-2E43C9EA6103}.Release|Any CPU.ActiveCfg = Release|Any CPU
		{D61CFCAD-8BB3-4926-81A2-2E43C9EA6103}.Release|Any CPU.Build.0 = Release|Any CPU
	EndGlobalSection
	GlobalSection(SolutionProperties) = preSolution
		HideSolutionNode = FALSE
	EndGlobalSection
	GlobalSection(ExtensibilityGlobals) = postSolution
		SolutionGuid = {579F9224-7A51-4C2F-B7ED-FDA852882D90}
	EndGlobalSection
EndGlobal
